
Microsoft Visual Studio Solution File, Format Version 12.00
# Visual Studio 15
VisualStudioVersion = 15.0.28010.2016
MinimumVisualStudioVersion = 10.0.40219.1
Project("{8BC9CEB8-8B4A-11D0-8D11-00A0C91BC942}") = "entrypoint", "src\entrypoint\entrypoint.vcxproj", "{B12702AD-ABFB-343A-A199-8E24837244A3}"
EndProject
Project("{8BC9CEB8-8B4A-11D0-8D11-00A0C91BC942}") = "core", "src\core\core.vcxproj", "{3EF31140-6D38-4155-8EA4-A2B11EBE9124}"
EndProject
Project("{2150E333-8FDC-42A3-9474-1A3956D46DE8}") = "important_files", "important_files", "{43C709B2-EDBF-41D5-97C2-9CF9D8A3EDD6}"
	ProjectSection(SolutionItems) = preProject
		src\include\bparea.h = src\include\bparea.h
		src\include\bpmanager.h = src\include\bpmanager.h
		src\include\bpwindow.h = src\include\bpwindow.h
		src\include\code_editor.h = src\include\code_editor.h
		src\include\core.h = src\include\core.h
		src\include\decoration.h = src\include\decoration.h
		src\include\dockwidget.h = src\include\dockwidget.h
		src\include\interfaces.h = src\include\interfaces.h
		src\include\macros.h = src\include\macros.h
		src\include\manipulators.h = src\include\manipulators.h
		src\include\notifier.h = src\include\notifier.h
		src\include\plaineditdecor.h = src\include\plaineditdecor.h
		src\include\plugin.h = src\include\plugin.h
		src\include\pluginmgr.h = src\include\pluginmgr.h
		src\include\settings.h = src\include\settings.h
		src\include\typedef.h = src\include\typedef.h
	EndProjectSection
EndProject
Project("{8BC9CEB8-8B4A-11D0-8D11-00A0C91BC942}") = "widgets", "src\widgets\widgets.vcxproj", "{AF969AC4-8AF9-4F6A-8EA2-C33AE6D74D2F}"
EndProject
Project("{8BC9CEB8-8B4A-11D0-8D11-00A0C91BC942}") = "console", "src\console\console.vcxproj", "{3E599E0A-E5A3-4FC4-A8E6-3A6E1D7D9A02}"
EndProject
Project("{8BC9CEB8-8B4A-11D0-8D11-00A0C91BC942}") = "editor", "src\editor\editor.vcxproj", "{844CA09A-E01C-4685-A84B-C7AFEEE0AE9D}"
EndProject
Project("{8BC9CEB8-8B4A-11D0-8D11-00A0C91BC942}") = "application", "src\application\application.vcxproj", "{5E73C20F-7285-4D90-B1B4-AE7237782EA1}"
EndProject
Project("{8BC9CEB8-8B4A-11D0-8D11-00A0C91BC942}") = "breakpoints", "src\breakpoints\breakpoints.vcxproj", "{CE273BD5-1889-4460-8A4C-C5BF5A939F86}"
EndProject
Project("{8BC9CEB8-8B4A-11D0-8D11-00A0C91BC942}") = "logger", "src\logger\logger.vcxproj", "{A8781C0A-5D4A-4CB5-AAF9-BE38DAA07330}"
EndProject
Global
	GlobalSection(SolutionConfigurationPlatforms) = preSolution
		debug|x64 = debug|x64
		debug|x86 = debug|x86
		release|x64 = release|x64
		release|x86 = release|x86
	EndGlobalSection
	GlobalSection(ProjectConfigurationPlatforms) = postSolution
		{B12702AD-ABFB-343A-A199-8E24837244A3}.debug|x64.ActiveCfg = Debug|x64
		{B12702AD-ABFB-343A-A199-8E24837244A3}.debug|x64.Build.0 = Debug|x64
		{B12702AD-ABFB-343A-A199-8E24837244A3}.debug|x86.ActiveCfg = Debug|x64
		{B12702AD-ABFB-343A-A199-8E24837244A3}.release|x64.ActiveCfg = Release|x64
		{B12702AD-ABFB-343A-A199-8E24837244A3}.release|x64.Build.0 = Release|x64
		{B12702AD-ABFB-343A-A199-8E24837244A3}.release|x86.ActiveCfg = Release|x64
		{3EF31140-6D38-4155-8EA4-A2B11EBE9124}.debug|x64.ActiveCfg = Debug|x64
		{3EF31140-6D38-4155-8EA4-A2B11EBE9124}.debug|x64.Build.0 = Debug|x64
		{3EF31140-6D38-4155-8EA4-A2B11EBE9124}.debug|x86.ActiveCfg = Debug|x64
		{3EF31140-6D38-4155-8EA4-A2B11EBE9124}.release|x64.ActiveCfg = Release|x64
		{3EF31140-6D38-4155-8EA4-A2B11EBE9124}.release|x64.Build.0 = Release|x64
		{3EF31140-6D38-4155-8EA4-A2B11EBE9124}.release|x86.ActiveCfg = Release|x64
		{AF969AC4-8AF9-4F6A-8EA2-C33AE6D74D2F}.debug|x64.ActiveCfg = Debug|x64
		{AF969AC4-8AF9-4F6A-8EA2-C33AE6D74D2F}.debug|x64.Build.0 = Debug|x64
		{AF969AC4-8AF9-4F6A-8EA2-C33AE6D74D2F}.debug|x86.ActiveCfg = Debug|x64
		{AF969AC4-8AF9-4F6A-8EA2-C33AE6D74D2F}.release|x64.ActiveCfg = Release|x64
		{AF969AC4-8AF9-4F6A-8EA2-C33AE6D74D2F}.release|x64.Build.0 = Release|x64
		{AF969AC4-8AF9-4F6A-8EA2-C33AE6D74D2F}.release|x86.ActiveCfg = Release|x64
		{3E599E0A-E5A3-4FC4-A8E6-3A6E1D7D9A02}.debug|x64.ActiveCfg = Debug|x64
		{3E599E0A-E5A3-4FC4-A8E6-3A6E1D7D9A02}.debug|x64.Build.0 = Debug|x64
		{3E599E0A-E5A3-4FC4-A8E6-3A6E1D7D9A02}.debug|x86.ActiveCfg = Debug|x64
		{3E599E0A-E5A3-4FC4-A8E6-3A6E1D7D9A02}.release|x64.ActiveCfg = Release|x64
		{3E599E0A-E5A3-4FC4-A8E6-3A6E1D7D9A02}.release|x64.Build.0 = Release|x64
		{3E599E0A-E5A3-4FC4-A8E6-3A6E1D7D9A02}.release|x86.ActiveCfg = Release|x64
		{844CA09A-E01C-4685-A84B-C7AFEEE0AE9D}.debug|x64.ActiveCfg = Debug|x64
		{844CA09A-E01C-4685-A84B-C7AFEEE0AE9D}.debug|x64.Build.0 = Debug|x64
		{844CA09A-E01C-4685-A84B-C7AFEEE0AE9D}.debug|x86.ActiveCfg = Debug|x64
		{844CA09A-E01C-4685-A84B-C7AFEEE0AE9D}.release|x64.ActiveCfg = Release|x64
		{844CA09A-E01C-4685-A84B-C7AFEEE0AE9D}.release|x64.Build.0 = Release|x64
		{844CA09A-E01C-4685-A84B-C7AFEEE0AE9D}.release|x86.ActiveCfg = Release|x64
		{5E73C20F-7285-4D90-B1B4-AE7237782EA1}.debug|x64.ActiveCfg = Debug|x64
		{5E73C20F-7285-4D90-B1B4-AE7237782EA1}.debug|x64.Build.0 = Debug|x64
		{5E73C20F-7285-4D90-B1B4-AE7237782EA1}.debug|x86.ActiveCfg = Debug|x64
		{5E73C20F-7285-4D90-B1B4-AE7237782EA1}.release|x64.ActiveCfg = Release|x64
		{5E73C20F-7285-4D90-B1B4-AE7237782EA1}.release|x64.Build.0 = Release|x64
		{5E73C20F-7285-4D90-B1B4-AE7237782EA1}.release|x86.ActiveCfg = Release|x64
		{CE273BD5-1889-4460-8A4C-C5BF5A939F86}.debug|x64.ActiveCfg = Debug|x64
		{CE273BD5-1889-4460-8A4C-C5BF5A939F86}.debug|x64.Build.0 = Debug|x64
		{CE273BD5-1889-4460-8A4C-C5BF5A939F86}.debug|x86.ActiveCfg = Debug|x64
		{CE273BD5-1889-4460-8A4C-C5BF5A939F86}.release|x64.ActiveCfg = Release|x64
		{CE273BD5-1889-4460-8A4C-C5BF5A939F86}.release|x64.Build.0 = Release|x64
		{CE273BD5-1889-4460-8A4C-C5BF5A939F86}.release|x86.ActiveCfg = Release|x64
		{A8781C0A-5D4A-4CB5-AAF9-BE38DAA07330}.debug|x64.ActiveCfg = Debug|x64
		{A8781C0A-5D4A-4CB5-AAF9-BE38DAA07330}.debug|x64.Build.0 = Debug|x64
		{A8781C0A-5D4A-4CB5-AAF9-BE38DAA07330}.debug|x86.ActiveCfg = Debug|x64
		{A8781C0A-5D4A-4CB5-AAF9-BE38DAA07330}.release|x64.ActiveCfg = Release|x64
		{A8781C0A-5D4A-4CB5-AAF9-BE38DAA07330}.release|x64.Build.0 = Release|x64
		{A8781C0A-5D4A-4CB5-AAF9-BE38DAA07330}.release|x86.ActiveCfg = Release|x64
	EndGlobalSection
	GlobalSection(SolutionProperties) = preSolution
		HideSolutionNode = FALSE
	EndGlobalSection
	GlobalSection(ExtensibilityGlobals) = postSolution
		Qt5Version = msvc2017_64
		SolutionGuid = {BD73BC7F-33A1-4223-B60F-264A44DF9B5C}
	EndGlobalSection
EndGlobal
